{
  "name": "@anchan828/nest-redis-session-fastify",
  "version": "0.0.50",
  "lockfileVersion": 1,
  "requires": true,
  "dependencies": {
    "@nestjs/platform-fastify": {
      "version": "7.4.4",
      "resolved": "https://registry.npmjs.org/@nestjs/platform-fastify/-/platform-fastify-7.4.4.tgz",
      "integrity": "sha512-R350qpat4aQY1KV27yWWgMa0UZV/5vsPlp/LoNERZjKYjTkhDCbsVhfFxmTJhXRpEbU69P+XW/EDlLa7kiQj0Q==",
      "requires": {
        "fastify-cors": "4.1.0",
        "fastify-formbody": "5.0.0",
        "light-my-request": "4.0.2",
        "middie": "5.1.0",
        "path-to-regexp": "3.2.0",
        "tslib": "2.0.1"
      }
    },
    "@types/body-parser": {
      "version": "1.17.1",
      "resolved": "https://registry.npmjs.org/@types/body-parser/-/body-parser-1.17.1.tgz",
      "integrity": "sha512-RoX2EZjMiFMjZh9lmYrwgoP9RTpAjSHiJxdp4oidAQVO02T7HER3xj9UKue5534ULWeqVEkujhWcyvUce+d68w==",
      "dev": true,
      "requires": {
        "@types/connect": "*",
        "@types/node": "*"
      }
    },
    "@types/connect": {
      "version": "3.4.32",
      "resolved": "https://registry.npmjs.org/@types/connect/-/connect-3.4.32.tgz",
      "integrity": "sha512-4r8qa0quOvh7lGD0pre62CAb1oni1OO6ecJLGCezTmhQ8Fz50Arx9RUszryR8KlgK6avuSXvviL6yWyViQABOg==",
      "dev": true,
      "requires": {
        "@types/node": "*"
      }
    },
    "@types/connect-redis": {
      "version": "0.0.14",
      "resolved": "https://registry.npmjs.org/@types/connect-redis/-/connect-redis-0.0.14.tgz",
      "integrity": "sha512-snjiYYc1TUk4iJvwO41omcrZKBB0mdwMvl718m7zZj5Tz7qBqjTNS23KQdHF2QmJX/x40m1IH16R6GNLh2Et4Q==",
      "dev": true,
      "requires": {
        "@types/express": "*",
        "@types/express-session": "*",
        "@types/ioredis": "*",
        "@types/redis": "*"
      }
    },
    "@types/express": {
      "version": "4.17.1",
      "resolved": "https://registry.npmjs.org/@types/express/-/express-4.17.1.tgz",
      "integrity": "sha512-VfH/XCP0QbQk5B5puLqTLEeFgR8lfCJHZJKkInZ9mkYd+u8byX0kztXEQxEk4wZXJs8HI+7km2ALXjn4YKcX9w==",
      "dev": true,
      "requires": {
        "@types/body-parser": "*",
        "@types/express-serve-static-core": "*",
        "@types/serve-static": "*"
      }
    },
    "@types/express-serve-static-core": {
      "version": "4.16.10",
      "resolved": "https://registry.npmjs.org/@types/express-serve-static-core/-/express-serve-static-core-4.16.10.tgz",
      "integrity": "sha512-gM6evDj0OvTILTRKilh9T5dTaGpv1oYiFcJAfgSejuMJgGJUsD9hKEU2lB4aiTNy4WwChxRnjfYFuBQsULzsJw==",
      "dev": true,
      "requires": {
        "@types/node": "*",
        "@types/range-parser": "*"
      }
    },
    "@types/express-session": {
      "version": "1.17.0",
      "resolved": "https://registry.npmjs.org/@types/express-session/-/express-session-1.17.0.tgz",
      "integrity": "sha512-OQEHeBFE1UhChVIBhRh9qElHUvTp4BzKKHxMDkGHT7WuYk5eL93hPG7D8YAIkoBSbhNEY0RjreF15zn+U0eLjA==",
      "dev": true,
      "requires": {
        "@types/express": "*",
        "@types/node": "*"
      }
    },
    "@types/ioredis": {
      "version": "4.17.4",
      "resolved": "https://registry.npmjs.org/@types/ioredis/-/ioredis-4.17.4.tgz",
      "integrity": "sha512-kb5+thmQJ7HHyOAnCOeqRJlF2fyvadHghnLLLKZzCNyShStJeIQtNGGDjA30gWqj6UFSDAWBfGEMKrFDrGfvzQ==",
      "dev": true,
      "requires": {
        "@types/node": "*"
      }
    },
    "@types/mime": {
      "version": "2.0.1",
      "resolved": "https://registry.npmjs.org/@types/mime/-/mime-2.0.1.tgz",
      "integrity": "sha512-FwI9gX75FgVBJ7ywgnq/P7tw+/o1GUbtP0KzbtusLigAOgIgNISRK0ZPl4qertvXSIE8YbsVJueQ90cDt9YYyw==",
      "dev": true
    },
    "@types/node": {
      "version": "12.11.1",
      "resolved": "https://registry.npmjs.org/@types/node/-/node-12.11.1.tgz",
      "integrity": "sha512-TJtwsqZ39pqcljJpajeoofYRfeZ7/I/OMUQ5pR4q5wOKf2ocrUvBAZUMhWsOvKx3dVc/aaV5GluBivt0sWqA5A==",
      "dev": true
    },
    "@types/range-parser": {
      "version": "1.2.3",
      "resolved": "https://registry.npmjs.org/@types/range-parser/-/range-parser-1.2.3.tgz",
      "integrity": "sha512-ewFXqrQHlFsgc09MK5jP5iR7vumV/BYayNC6PgJO2LPe8vrnNFyjQjSppfEngITi0qvfKtzFvgKymGheFM9UOA==",
      "dev": true
    },
    "@types/redis": {
      "version": "2.8.20",
      "resolved": "https://registry.npmjs.org/@types/redis/-/redis-2.8.20.tgz",
      "integrity": "sha512-IJOvkg+BnCRDlMrrBIasCs8bqddnjiplI26HwsPSeY/biEJaDzAQnjs2i5z5vJelTbi3TIiLUIrKXk7j9Tmi/Q==",
      "dev": true,
      "requires": {
        "@types/node": "*"
      }
    },
    "@types/serve-static": {
      "version": "1.13.3",
      "resolved": "https://registry.npmjs.org/@types/serve-static/-/serve-static-1.13.3.tgz",
      "integrity": "sha512-oprSwp094zOglVrXdlo/4bAHtKTAxX6VT8FOZlBKrmyLbNvE1zxZyJ6yikMVtHIvwP45+ZQGJn+FdXGKTozq0g==",
      "dev": true,
      "requires": {
        "@types/express-serve-static-core": "*",
        "@types/mime": "*"
      }
    },
    "abstract-logging": {
      "version": "2.0.0",
      "resolved": "https://registry.npmjs.org/abstract-logging/-/abstract-logging-2.0.0.tgz",
      "integrity": "sha512-/oA9z7JszpIioo6J6dB79LVUgJ3eD3cxkAmdCkvWWS+Y9tPtALs1rLqOekLUXUbYqM2fB9TTK0ibAyZJJOP/CA==",
      "dev": true
    },
    "ajv": {
      "version": "6.12.4",
      "resolved": "https://registry.npmjs.org/ajv/-/ajv-6.12.4.tgz",
      "integrity": "sha512-eienB2c9qVQs2KWexhkrdMLVDoIQCz5KSeLxwg9Lzk4DOfBtIK9PQwwufcsn1jjGuf9WZmqPMbGxOzfcuphJCQ==",
      "requires": {
        "fast-deep-equal": "^3.1.1",
        "fast-json-stable-stringify": "^2.0.0",
        "json-schema-traverse": "^0.4.1",
        "uri-js": "^4.2.2"
      }
    },
    "archy": {
      "version": "1.0.0",
      "resolved": "https://registry.npmjs.org/archy/-/archy-1.0.0.tgz",
      "integrity": "sha1-+cjBN1fMHde8N5rHeyxipcKGjEA=",
      "dev": true
    },
    "atomic-sleep": {
      "version": "1.0.0",
      "resolved": "https://registry.npmjs.org/atomic-sleep/-/atomic-sleep-1.0.0.tgz",
      "integrity": "sha512-kNOjDqAh7px0XWNI+4QbzoiR/nTkHAWNud2uvnJquD1/x5a7EQZMJT0AczqK0Qn67oY/TTQ1LbUKajZpp3I9tQ==",
      "dev": true
    },
    "avvio": {
      "version": "7.2.0",
      "resolved": "https://registry.npmjs.org/avvio/-/avvio-7.2.0.tgz",
      "integrity": "sha512-KtC63UyZARidAoIV8wXutAZnDIbZcXBqLjTAhZOX+mdMZBQCh5il/15MvCvma1178nhTwvN2D0TOAdiKG1MpUA==",
      "dev": true,
      "requires": {
        "archy": "^1.0.0",
        "debug": "^4.0.0",
        "fastq": "^1.6.1",
        "queue-microtask": "^1.1.2"
      }
    },
    "cluster-key-slot": {
      "version": "1.1.0",
      "resolved": "https://registry.npmjs.org/cluster-key-slot/-/cluster-key-slot-1.1.0.tgz",
      "integrity": "sha512-2Nii8p3RwAPiFwsnZvukotvow2rIHM+yQ6ZcBXGHdniadkYGZYiGmkHJIbZPIV9nfv7m/U1IPMVVcAhoWFeklw=="
    },
    "connect-redis": {
      "version": "5.0.0",
      "resolved": "https://registry.npmjs.org/connect-redis/-/connect-redis-5.0.0.tgz",
      "integrity": "sha512-R4nTW5uXeG5s6zr/q4abmtcdloglZrL/A3cpa0JU0RLFJU4mTR553HUY8OZ0ngeySkGDclwQ5xmCcjjKkxdOSg=="
    },
    "cookie": {
      "version": "0.4.0",
      "resolved": "https://registry.npmjs.org/cookie/-/cookie-0.4.0.tgz",
      "integrity": "sha512-+Hp8fLp57wnUSt0tY0tHEXh4voZRDnoIrZPqlo3DPiI4y9lwg/jqx+1Om94/W6ZaPDOUbnjOt/99w66zk+l1Xg=="
    },
    "cookie-signature": {
      "version": "1.1.0",
      "resolved": "https://registry.npmjs.org/cookie-signature/-/cookie-signature-1.1.0.tgz",
      "integrity": "sha512-Alvs19Vgq07eunykd3Xy2jF0/qSNv2u7KDbAek9H5liV1UMijbqFs5cycZvv5dVsvseT/U4H8/7/w8Koh35C4A=="
    },
    "debug": {
      "version": "4.1.1",
      "resolved": "https://registry.npmjs.org/debug/-/debug-4.1.1.tgz",
      "integrity": "sha512-pYAIzeRo8J6KPEaJ0VWOh5Pzkbw/RetuzehGM7QRRX5he4fPHx2rdKMB256ehJCkX+XRQm16eZLqLNS8RSZXZw==",
      "requires": {
        "ms": "^2.1.1"
      }
    },
    "deepmerge": {
      "version": "4.2.2",
      "resolved": "https://registry.npmjs.org/deepmerge/-/deepmerge-4.2.2.tgz",
      "integrity": "sha512-FJ3UgI4gIl+PHZm53knsuSFpE+nESMr7M4v9QcgB7S63Kj/6WqMiFQJpBBYz1Pt+66bZpP3Q7Lye0Oo9MPKEdg==",
      "dev": true
    },
    "denque": {
      "version": "1.4.1",
      "resolved": "https://registry.npmjs.org/denque/-/denque-1.4.1.tgz",
      "integrity": "sha512-OfzPuSZKGcgr96rf1oODnfjqBFmr1DVoc/TrItj3Ohe0Ah1C5WX5Baquw/9U9KovnQ88EqmJbD66rKYUQYN1tQ=="
    },
    "fast-decode-uri-component": {
      "version": "1.0.1",
      "resolved": "https://registry.npmjs.org/fast-decode-uri-component/-/fast-decode-uri-component-1.0.1.tgz",
      "integrity": "sha512-WKgKWg5eUxvRZGwW8FvfbaH7AXSh2cL+3j5fMGzUMCxWBJ3dV3a7Wz8y2f/uQ0e3B6WmodD3oS54jTQ9HVTIIg==",
      "dev": true
    },
    "fast-deep-equal": {
      "version": "3.1.3",
      "resolved": "https://registry.npmjs.org/fast-deep-equal/-/fast-deep-equal-3.1.3.tgz",
      "integrity": "sha512-f3qQ9oQy9j2AhBe/H9VC91wLmKBCCU/gDOnKNAYG5hswO7BLKj09Hc5HYNz9cGI++xlpDCIgDaitVs03ATR84Q=="
    },
    "fast-json-stable-stringify": {
      "version": "2.1.0",
      "resolved": "https://registry.npmjs.org/fast-json-stable-stringify/-/fast-json-stable-stringify-2.1.0.tgz",
      "integrity": "sha512-lhd/wF+Lk98HZoTCtlVraHtfh5XYijIjalXck7saUtuanSDyLMxnHhSXEDJqHxD7msR8D0uCmqlkwjCV8xvwHw=="
    },
    "fast-json-stringify": {
      "version": "2.2.7",
      "resolved": "https://registry.npmjs.org/fast-json-stringify/-/fast-json-stringify-2.2.7.tgz",
      "integrity": "sha512-XVCR/dQ6unMP7c39XUdnPoYPPnf1RqTZGL2mAnmrXDIkyF5MRJYd87nfCEmxrqhj7k61Yi35Aaeb2QlJlZU9fg==",
      "dev": true,
      "requires": {
        "ajv": "^6.11.0",
        "deepmerge": "^4.2.2",
        "string-similarity": "^4.0.1"
      }
    },
    "fast-redact": {
      "version": "2.0.0",
      "resolved": "https://registry.npmjs.org/fast-redact/-/fast-redact-2.0.0.tgz",
      "integrity": "sha512-zxpkULI9W9MNTK2sJ3BpPQrTEXFNESd2X6O1tXMFpK/XM0G5c5Rll2EVYZH2TqI3xRGK/VaJ+eEOt7pnENJpeA==",
      "dev": true
    },
    "fast-safe-stringify": {
      "version": "2.0.7",
      "resolved": "https://registry.npmjs.org/fast-safe-stringify/-/fast-safe-stringify-2.0.7.tgz",
      "integrity": "sha512-Utm6CdzT+6xsDk2m8S6uL8VHxNwI6Jub+e9NYTcAms28T84pTa25GJQV9j0CY0N1rM8hK4x6grpF2BQf+2qwVA==",
      "dev": true
    },
    "fastify": {
      "version": "3.5.0",
      "resolved": "https://registry.npmjs.org/fastify/-/fastify-3.5.0.tgz",
      "integrity": "sha512-wTd2l3Ndz8LSHBJG4zIwroJfgBdwHN/nilqraDy0GOnhWaCAbtTHaHb8xE6+wn1zPRDnYvmfn1/jStjqTU6UfA==",
      "dev": true,
      "requires": {
        "abstract-logging": "^2.0.0",
        "ajv": "^6.12.2",
        "avvio": "^7.1.2",
        "fast-json-stringify": "^2.2.1",
        "fastify-error": "^0.2.0",
        "fastify-warning": "^0.2.0",
        "find-my-way": "^3.0.0",
        "flatstr": "^1.0.12",
        "light-my-request": "^4.0.2",
        "pino": "^6.2.1",
        "proxy-addr": "^2.0.5",
        "readable-stream": "^3.4.0",
        "rfdc": "^1.1.4",
        "secure-json-parse": "^2.0.0",
        "semver": "^7.3.2",
        "tiny-lru": "^7.0.0"
      }
    },
    "fastify-cookie": {
      "version": "4.1.0",
      "resolved": "https://registry.npmjs.org/fastify-cookie/-/fastify-cookie-4.1.0.tgz",
      "integrity": "sha512-+se+kNPFDE49JCiBYQrfPfchcW9s8BXjCqP5ijuYpbydTcMlo9pnyd8tyxLi43SIXBmeTBkB1CjklmD7nlHsXg==",
      "requires": {
        "cookie": "^0.4.0",
        "cookie-signature": "^1.1.0",
        "fastify-plugin": "^2.0.0"
      }
    },
    "fastify-cors": {
      "version": "4.1.0",
      "resolved": "https://registry.npmjs.org/fastify-cors/-/fastify-cors-4.1.0.tgz",
      "integrity": "sha512-Vr4AgypDkRwG16cs1ORnYItZx6FMN+gCpHvP3/nzNZL1HFzf7U/NaSgmC784VqtK8yiqSXZEoTGCsmzeSp8JVw==",
      "requires": {
        "fastify-plugin": "^2.0.0",
        "vary": "^1.1.2"
      }
    },
    "fastify-error": {
      "version": "0.2.0",
      "resolved": "https://registry.npmjs.org/fastify-error/-/fastify-error-0.2.0.tgz",
      "integrity": "sha512-zabxsBatj59ROG0fhP36zNdc5Q1/eYeH9oSF9uvfrurZf8/JKfrJbMcIGrLpLWcf89rS6L91RHWm20A/X85hcA==",
      "dev": true
    },
    "fastify-formbody": {
      "version": "5.0.0",
      "resolved": "https://registry.npmjs.org/fastify-formbody/-/fastify-formbody-5.0.0.tgz",
      "integrity": "sha512-W79/hq6xGyV4lFsgt+qgKHPorGu4RzAhFQ5GKXI0T8DbkEMx+7gjFAD2y+q194vMMiIvMhuE7j6JyCEZVMOHYw==",
      "requires": {
        "fastify-plugin": "^2.3.2"
      }
    },
    "fastify-plugin": {
      "version": "2.3.3",
      "resolved": "https://registry.npmjs.org/fastify-plugin/-/fastify-plugin-2.3.3.tgz",
      "integrity": "sha512-KjVwrTlbOGBLhF80tAYQ8qXQKvc1G7ETlFZbU4n19V1Xoo9BRNQgicv36y9AvPDcIn1hpeHDOdpPkMW02NOVIQ==",
      "requires": {
        "semver": "^7.3.2"
      }
    },
    "fastify-session": {
      "version": "5.2.0",
      "resolved": "https://registry.npmjs.org/fastify-session/-/fastify-session-5.2.0.tgz",
      "integrity": "sha512-jTDdV8dxDjU0WlCoacbDO06Be4s/Wi6GWq4SRWppgBNHIQj/QcNhDT6zNn4ZL9DDPRLOdDHsMV0rws6YYxb3Gw==",
      "requires": {
        "cookie-signature": "^1.1.0",
        "fastify-plugin": "^2.0.1",
        "uid-safe": "^2.1.5"
      }
    },
    "fastify-warning": {
      "version": "0.2.0",
      "resolved": "https://registry.npmjs.org/fastify-warning/-/fastify-warning-0.2.0.tgz",
      "integrity": "sha512-s1EQguBw/9qtc1p/WTY4eq9WMRIACkj+HTcOIK1in4MV5aFaQC9ZCIt0dJ7pr5bIf4lPpHvAtP2ywpTNgs7hqw==",
      "dev": true
    },
    "fastq": {
      "version": "1.8.0",
      "resolved": "https://registry.npmjs.org/fastq/-/fastq-1.8.0.tgz",
      "integrity": "sha512-SMIZoZdLh/fgofivvIkmknUXyPnvxRE3DhtZ5Me3Mrsk5gyPL42F0xr51TdRXskBxHfMp+07bcYzfsYEsSQA9Q==",
      "dev": true,
      "requires": {
        "reusify": "^1.0.4"
      }
    },
    "find-my-way": {
      "version": "3.0.4",
      "resolved": "https://registry.npmjs.org/find-my-way/-/find-my-way-3.0.4.tgz",
      "integrity": "sha512-Trl/mNAVvTgCpo9ox6yixkwiZUvecKYUQZoAuMCBACsgGqv+FbWe+jE5sBA5+U8LIWrJk/cw8zPV53GPrjTnsw==",
      "dev": true,
      "requires": {
        "fast-decode-uri-component": "^1.0.1",
        "safe-regex2": "^2.0.0",
        "semver-store": "^0.3.0"
      }
    },
    "flatstr": {
      "version": "1.0.12",
      "resolved": "https://registry.npmjs.org/flatstr/-/flatstr-1.0.12.tgz",
      "integrity": "sha512-4zPxDyhCyiN2wIAtSLI6gc82/EjqZc1onI4Mz/l0pWrAlsSfYH/2ZIcU+e3oA2wDwbzIWNKwa23F8rh6+DRWkw==",
      "dev": true
    },
    "forwarded": {
      "version": "0.1.2",
      "resolved": "https://registry.npmjs.org/forwarded/-/forwarded-0.1.2.tgz",
      "integrity": "sha1-mMI9qxF1ZXuMBXPozszZGw/xjIQ=",
      "dev": true
    },
    "inherits": {
      "version": "2.0.4",
      "resolved": "https://registry.npmjs.org/inherits/-/inherits-2.0.4.tgz",
      "integrity": "sha512-k/vGaX4/Yla3WzyMCvTQOXYeIHvqOKtnqBduzTHpzpQZzAskKMhZ2K+EnBiSM9zGSoIFeMpXKxa4dYeZIQqewQ=="
    },
    "ioredis": {
      "version": "4.17.3",
      "resolved": "https://registry.npmjs.org/ioredis/-/ioredis-4.17.3.tgz",
      "integrity": "sha512-iRvq4BOYzNFkDnSyhx7cmJNOi1x/HWYe+A4VXHBu4qpwJaGT1Mp+D2bVGJntH9K/Z/GeOM/Nprb8gB3bmitz1Q==",
      "requires": {
        "cluster-key-slot": "^1.1.0",
        "debug": "^4.1.1",
        "denque": "^1.1.0",
        "lodash.defaults": "^4.2.0",
        "lodash.flatten": "^4.4.0",
        "redis-commands": "1.5.0",
        "redis-errors": "^1.2.0",
        "redis-parser": "^3.0.0",
        "standard-as-callback": "^2.0.1"
      }
    },
    "ipaddr.js": {
      "version": "1.9.1",
      "resolved": "https://registry.npmjs.org/ipaddr.js/-/ipaddr.js-1.9.1.tgz",
      "integrity": "sha512-0KI/607xoxSToH7GjN1FfSbLoU0+btTicjsQSWQlh/hZykN8KpmMf7uYwPW3R+akZ6R/w18ZlXSHBYXiYUPO3g==",
      "dev": true
    },
    "json-schema-traverse": {
      "version": "0.4.1",
      "resolved": "https://registry.npmjs.org/json-schema-traverse/-/json-schema-traverse-0.4.1.tgz",
      "integrity": "sha512-xbbCH5dCYU5T8LcEhhuh7HJ88HXuW3qsI3Y0zOZFKfZEHcpWiHU/Jxzk629Brsab/mMiHQti9wMP+845RPe3Vg=="
    },
    "light-my-request": {
      "version": "4.0.2",
      "resolved": "https://registry.npmjs.org/light-my-request/-/light-my-request-4.0.2.tgz",
      "integrity": "sha512-VaiiqR2NtdgYL8zQENPr7FBBVKCGioqa06HYnidj/GC+6jibyZrNCrk6FU8fqe9WWQDqwOtt0UCWLGe0GjyjgA==",
      "requires": {
        "ajv": "^6.12.2",
        "cookie": "^0.4.0",
        "readable-stream": "^3.6.0",
        "set-cookie-parser": "^2.4.1"
      }
    },
    "lodash.defaults": {
      "version": "4.2.0",
      "resolved": "https://registry.npmjs.org/lodash.defaults/-/lodash.defaults-4.2.0.tgz",
      "integrity": "sha1-0JF4cW/+pN3p5ft7N/bwgCJ0WAw="
    },
    "lodash.flatten": {
      "version": "4.4.0",
      "resolved": "https://registry.npmjs.org/lodash.flatten/-/lodash.flatten-4.4.0.tgz",
      "integrity": "sha1-8xwiIlqWMtK7+OSt2+8kCqdlph8="
    },
    "middie": {
      "version": "5.1.0",
      "resolved": "https://registry.npmjs.org/middie/-/middie-5.1.0.tgz",
      "integrity": "sha512-pM9KMIedHAOHIw+wsJbze7QiPdEfPsd3iMhgStvYlpme6/dEpCVp0pTSDP5bXa1NvrPmjfWOpvp2RNbypH8DHQ==",
      "requires": {
        "fastify-plugin": "^2.0.0",
        "path-to-regexp": "^6.1.0",
        "reusify": "^1.0.4"
      },
      "dependencies": {
        "path-to-regexp": {
          "version": "6.1.0",
          "resolved": "https://registry.npmjs.org/path-to-regexp/-/path-to-regexp-6.1.0.tgz",
          "integrity": "sha512-h9DqehX3zZZDCEm+xbfU0ZmwCGFCAAraPJWMXJ4+v32NjZJilVg3k1TcKsRgIb8IQ/izZSaydDc1OhJCZvs2Dw=="
        }
      }
    },
    "ms": {
      "version": "2.1.2",
      "resolved": "https://registry.npmjs.org/ms/-/ms-2.1.2.tgz",
      "integrity": "sha512-sGkPx+VjMtmA6MX27oA4FBFELFCZZ4S4XqeGOXCv68tT+jb3vk/RyaKWP0PTKyWtmLSM0b+adUTEvbs1PEaH2w=="
    },
    "path-to-regexp": {
      "version": "3.2.0",
      "resolved": "https://registry.npmjs.org/path-to-regexp/-/path-to-regexp-3.2.0.tgz",
      "integrity": "sha512-jczvQbCUS7XmS7o+y1aEO9OBVFeZBQ1MDSEqmO7xSoPgOPoowY/SxLpZ6Vh97/8qHZOteiCKb7gkG9gA2ZUxJA=="
    },
    "pino": {
      "version": "6.6.1",
      "resolved": "https://registry.npmjs.org/pino/-/pino-6.6.1.tgz",
      "integrity": "sha512-DOgm7rn6ctBkBYemHXSLj7+j3o3U1q1FWBXbHcprur8mA93QcJSycEkEqhqKiFB9Mx/3Qld2FGr6+9yfQza0kA==",
      "dev": true,
      "requires": {
        "fast-redact": "^2.0.0",
        "fast-safe-stringify": "^2.0.7",
        "flatstr": "^1.0.12",
        "pino-std-serializers": "^2.4.2",
        "quick-format-unescaped": "^4.0.1",
        "sonic-boom": "^1.0.2"
      }
    },
    "pino-std-serializers": {
      "version": "2.5.0",
      "resolved": "https://registry.npmjs.org/pino-std-serializers/-/pino-std-serializers-2.5.0.tgz",
      "integrity": "sha512-wXqbqSrIhE58TdrxxlfLwU9eDhrzppQDvGhBEr1gYbzzM4KKo3Y63gSjiDXRKLVS2UOXdPNR2v+KnQgNrs+xUg==",
      "dev": true
    },
    "proxy-addr": {
      "version": "2.0.6",
      "resolved": "https://registry.npmjs.org/proxy-addr/-/proxy-addr-2.0.6.tgz",
      "integrity": "sha512-dh/frvCBVmSsDYzw6n926jv974gddhkFPfiN8hPOi30Wax25QZyZEGveluCgliBnqmuM+UJmBErbAUFIoDbjOw==",
      "dev": true,
      "requires": {
        "forwarded": "~0.1.2",
        "ipaddr.js": "1.9.1"
      }
    },
    "punycode": {
      "version": "2.1.1",
      "resolved": "https://registry.npmjs.org/punycode/-/punycode-2.1.1.tgz",
      "integrity": "sha512-XRsRjdf+j5ml+y/6GKHPZbrF/8p2Yga0JPtdqTIY2Xe5ohJPD9saDJJLPvp9+NSBprVvevdXZybnj2cv8OEd0A=="
    },
    "queue-microtask": {
      "version": "1.1.4",
      "resolved": "https://registry.npmjs.org/queue-microtask/-/queue-microtask-1.1.4.tgz",
      "integrity": "sha512-eY/4Obve9cE5FK8YvC1cJsm5cr7XvAurul8UtBDJ2PR1p5NmAwHtvAt5ftcLtwYRCUKNhxCneZZlxmUDFoSeKA==",
      "dev": true
    },
    "quick-format-unescaped": {
      "version": "4.0.1",
      "resolved": "https://registry.npmjs.org/quick-format-unescaped/-/quick-format-unescaped-4.0.1.tgz",
      "integrity": "sha512-RyYpQ6Q5/drsJyOhrWHYMWTedvjTIat+FTwv0K4yoUxzvekw2aRHMQJLlnvt8UantkZg2++bEzD9EdxXqkWf4A==",
      "dev": true
    },
    "random-bytes": {
      "version": "1.0.0",
      "resolved": "https://registry.npmjs.org/random-bytes/-/random-bytes-1.0.0.tgz",
      "integrity": "sha1-T2ih3Arli9P7lYSMMDJNt11kNgs="
    },
    "readable-stream": {
      "version": "3.6.0",
      "resolved": "https://registry.npmjs.org/readable-stream/-/readable-stream-3.6.0.tgz",
      "integrity": "sha512-BViHy7LKeTz4oNnkcLJ+lVSL6vpiFeX6/d3oSH8zCW7UxP2onchk+vTGB143xuFjHS3deTgkKoXXymXqymiIdA==",
      "requires": {
        "inherits": "^2.0.3",
        "string_decoder": "^1.1.1",
        "util-deprecate": "^1.0.1"
      }
    },
    "redis-commands": {
      "version": "1.5.0",
      "resolved": "https://registry.npmjs.org/redis-commands/-/redis-commands-1.5.0.tgz",
      "integrity": "sha512-6KxamqpZ468MeQC3bkWmCB1fp56XL64D4Kf0zJSwDZbVLLm7KFkoIcHrgRvQ+sk8dnhySs7+yBg94yIkAK7aJg=="
    },
    "redis-errors": {
      "version": "1.2.0",
      "resolved": "https://registry.npmjs.org/redis-errors/-/redis-errors-1.2.0.tgz",
      "integrity": "sha1-62LSrbFeTq9GEMBK/hUpOEJQq60="
    },
    "redis-parser": {
      "version": "3.0.0",
      "resolved": "https://registry.npmjs.org/redis-parser/-/redis-parser-3.0.0.tgz",
      "integrity": "sha1-tm2CjNyv5rS4pCin3vTGvKwxyLQ=",
      "requires": {
        "redis-errors": "^1.0.0"
      }
    },
    "ret": {
      "version": "0.2.2",
      "resolved": "https://registry.npmjs.org/ret/-/ret-0.2.2.tgz",
      "integrity": "sha512-M0b3YWQs7R3Z917WRQy1HHA7Ba7D8hvZg6UE5mLykJxQVE2ju0IXbGlaHPPlkY+WN7wFP+wUMXmBFA0aV6vYGQ==",
      "dev": true
    },
    "reusify": {
      "version": "1.0.4",
      "resolved": "https://registry.npmjs.org/reusify/-/reusify-1.0.4.tgz",
      "integrity": "sha512-U9nH88a3fc/ekCF1l0/UP1IosiuIjyTh7hBvXVMHYgVcfGvt897Xguj2UOLDeI5BG2m7/uwyaLVT6fbtCwTyzw=="
    },
    "rfdc": {
      "version": "1.1.4",
      "resolved": "https://registry.npmjs.org/rfdc/-/rfdc-1.1.4.tgz",
      "integrity": "sha512-5C9HXdzK8EAqN7JDif30jqsBzavB7wLpaubisuQIGHWf2gUXSpzy6ArX/+Da8RjFpagWsCn+pIgxTMAmKw9Zug==",
      "dev": true
    },
    "safe-buffer": {
      "version": "5.2.1",
      "resolved": "https://registry.npmjs.org/safe-buffer/-/safe-buffer-5.2.1.tgz",
      "integrity": "sha512-rp3So07KcdmmKbGvgaNxQSJr7bGVSVk5S9Eq1F+ppbRo70+YeaDxkw5Dd8NPN+GD6bjnYm2VuPuCXmpuYvmCXQ=="
    },
    "safe-regex2": {
      "version": "2.0.0",
      "resolved": "https://registry.npmjs.org/safe-regex2/-/safe-regex2-2.0.0.tgz",
      "integrity": "sha512-PaUSFsUaNNuKwkBijoAPHAK6/eM6VirvyPWlZ7BAQy4D+hCvh4B6lIG+nPdhbFfIbP+gTGBcrdsOaUs0F+ZBOQ==",
      "dev": true,
      "requires": {
        "ret": "~0.2.0"
      }
    },
    "secure-json-parse": {
      "version": "2.1.0",
      "resolved": "https://registry.npmjs.org/secure-json-parse/-/secure-json-parse-2.1.0.tgz",
      "integrity": "sha512-GckO+MS/wT4UogDyoI/H/S1L0MCcKS1XX/vp48wfmU7Nw4woBmb8mIpu4zPBQjKlRT88/bt9xdoV4111jPpNJA==",
      "dev": true
    },
    "semver": {
      "version": "7.3.2",
      "resolved": "https://registry.npmjs.org/semver/-/semver-7.3.2.tgz",
      "integrity": "sha512-OrOb32TeeambH6UrhtShmF7CRDqhL6/5XpPNp2DuRH6+9QLw/orhp72j87v8Qa1ScDkvrrBNpZcDejAirJmfXQ=="
    },
    "semver-store": {
      "version": "0.3.0",
      "resolved": "https://registry.npmjs.org/semver-store/-/semver-store-0.3.0.tgz",
      "integrity": "sha512-TcZvGMMy9vodEFSse30lWinkj+JgOBvPn8wRItpQRSayhc+4ssDs335uklkfvQQJgL/WvmHLVj4Ycv2s7QCQMg==",
      "dev": true
    },
    "set-cookie-parser": {
      "version": "2.4.6",
      "resolved": "https://registry.npmjs.org/set-cookie-parser/-/set-cookie-parser-2.4.6.tgz",
      "integrity": "sha512-mNCnTUF0OYPwYzSHbdRdCfNNHqrne+HS5tS5xNb6yJbdP9wInV0q5xPLE0EyfV/Q3tImo3y/OXpD8Jn0Jtnjrg=="
    },
    "sonic-boom": {
      "version": "1.3.0",
      "resolved": "https://registry.npmjs.org/sonic-boom/-/sonic-boom-1.3.0.tgz",
      "integrity": "sha512-4nX6OYvOYr6R76xfQKi6cZpTO3YSWe/vd+QdIfoH0lBy0MnPkeAbb2rRWgmgADkXUeCKPwO1FZAKlAVWAadELw==",
      "dev": true,
      "requires": {
        "atomic-sleep": "^1.0.0",
        "flatstr": "^1.0.12"
      }
    },
    "standard-as-callback": {
      "version": "2.0.1",
      "resolved": "https://registry.npmjs.org/standard-as-callback/-/standard-as-callback-2.0.1.tgz",
      "integrity": "sha512-NQOxSeB8gOI5WjSaxjBgog2QFw55FV8TkS6Y07BiB3VJ8xNTvUYm0wl0s8ObgQ5NhdpnNfigMIKjgPESzgr4tg=="
    },
    "string-similarity": {
      "version": "4.0.2",
      "resolved": "https://registry.npmjs.org/string-similarity/-/string-similarity-4.0.2.tgz",
      "integrity": "sha512-eCsPPyoQBgY4TMpVD6DVfO7pLrimUONriaO4Xjp3WPUW0YnNLqdHgRj23xotLlqrL90eJhBeq3zdAJf2mQgfBQ==",
      "dev": true
    },
    "string_decoder": {
      "version": "1.3.0",
      "resolved": "https://registry.npmjs.org/string_decoder/-/string_decoder-1.3.0.tgz",
      "integrity": "sha512-hkRX8U1WjJFd8LsDJ2yQ/wWWxaopEsABU1XfkM8A+j0+85JAGppt16cr1Whg6KIbb4okU6Mql6BOj+uup/wKeA==",
      "requires": {
        "safe-buffer": "~5.2.0"
      }
    },
    "tiny-lru": {
      "version": "7.0.6",
      "resolved": "https://registry.npmjs.org/tiny-lru/-/tiny-lru-7.0.6.tgz",
      "integrity": "sha512-zNYO0Kvgn5rXzWpL0y3RS09sMK67eGaQj9805jlK9G6pSadfriTczzLHFXa/xcW4mIRfmlB9HyQ/+SgL0V1uow==",
      "dev": true
    },
    "tslib": {
      "version": "2.0.1",
      "resolved": "https://registry.npmjs.org/tslib/-/tslib-2.0.1.tgz",
      "integrity": "sha512-SgIkNheinmEBgx1IUNirK0TUD4X9yjjBRTqqjggWCU3pUEqIk3/Uwl3yRixYKT6WjQuGiwDv4NomL3wqRCj+CQ=="
    },
    "uid-safe": {
      "version": "2.1.5",
      "resolved": "https://registry.npmjs.org/uid-safe/-/uid-safe-2.1.5.tgz",
      "integrity": "sha512-KPHm4VL5dDXKz01UuEd88Df+KzynaohSL9fBh096KWAxSKZQDI2uBrVqtvRM4rwrIrRRKsdLNML/lnaaVSRioA==",
      "requires": {
        "random-bytes": "~1.0.0"
      }
    },
    "uri-js": {
      "version": "4.3.0",
      "resolved": "https://registry.npmjs.org/uri-js/-/uri-js-4.3.0.tgz",
      "integrity": "sha512-Q9Q9RlMM08eWfdPPmDDrXd8Ny3R1sY/DaRDR2zTPPneJ6GYiLx3++fPiZobv49ovkYAnHl/P72Ie3HWXIRVVYA==",
      "requires": {
        "punycode": "^2.1.0"
      }
    },
    "util-deprecate": {
      "version": "1.0.2",
      "resolved": "https://registry.npmjs.org/util-deprecate/-/util-deprecate-1.0.2.tgz",
      "integrity": "sha1-RQ1Nyfpw3nMnYvvS1KKJgUGaDM8="
    },
    "vary": {
      "version": "1.1.2",
      "resolved": "https://registry.npmjs.org/vary/-/vary-1.1.2.tgz",
      "integrity": "sha1-IpnwLG3tMNSllhsLn3RSShj2NPw="
    }
  }
}
